
Microsoft Visual Studio Solution File, Format Version 12.00
# Visual Studio Version 16
VisualStudioVersion = 16.0.31727.386
MinimumVisualStudioVersion = 10.0.40219.1
Project("{FAE04EC0-301F-11D3-BF4B-00C04F79EFBC}") = "Lab_4", "Lab_4.csproj", "{05B5293B-910C-4EB0-A2E0-51CFBC5E1F4E}"
EndProject
Project("{FAE04EC0-301F-11D3-BF4B-00C04F79EFBC}") = "ClassLibrary_1", "..\ClassLibrary_1\ClassLibrary_1.csproj", "{1AE747F1-2FB0-4602-BA6A-7EBB90E0050B}"
EndProject
Global
	GlobalSection(SolutionConfigurationPlatforms) = preSolution
		Debug|Any CPU = Debug|Any CPU
		Release|Any CPU = Release|Any CPU
	EndGlobalSection
	GlobalSection(ProjectConfigurationPlatforms) = postSolution
		{05B5293B-910C-4EB0-A2E0-51CFBC5E1F4E}.Debug|Any CPU.ActiveCfg = Debug|Any CPU
		{05B5293B-910C-4EB0-A2E0-51CFBC5E1F4E}.Debug|Any CPU.Build.0 = Debug|Any CPU
		{05B5293B-910C-4EB0-A2E0-51CFBC5E1F4E}.Release|Any CPU.ActiveCfg = Release|Any CPU
		{05B5293B-910C-4EB0-A2E0-51CFBC5E1F4E}.Release|Any CPU.Build.0 = Release|Any CPU
		{1AE747F1-2FB0-4602-BA6A-7EBB90E0050B}.Debug|Any CPU.ActiveCfg = Debug|Any CPU
		{1AE747F1-2FB0-4602-BA6A-7EBB90E0050B}.Debug|Any CPU.Build.0 = Debug|Any CPU
		{1AE747F1-2FB0-4602-BA6A-7EBB90E0050B}.Release|Any CPU.ActiveCfg = Release|Any CPU
		{1AE747F1-2FB0-4602-BA6A-7EBB90E0050B}.Release|Any CPU.Build.0 = Release|Any CPU
	EndGlobalSection
	GlobalSection(SolutionProperties) = preSolution
		HideSolutionNode = FALSE
	EndGlobalSection
	GlobalSection(ExtensibilityGlobals) = postSolution
		SolutionGuid = {6554B48A-6383-45D2-8A66-692EFF021E9E}
	EndGlobalSection
EndGlobal
